
Microsoft Visual Studio Solution File, Format Version 12.00
# Visual Studio Version 16
VisualStudioVersion = 16.0.30413.136
MinimumVisualStudioVersion = 10.0.40219.1
Project("{FAE04EC0-301F-11D3-BF4B-00C04F79EFBC}") = "task3. Cs basic2", "task3. Cs basic2\task3. Cs basic2.csproj", "{8F91901D-321E-4FB9-9F55-1D664F026CBF}"
EndProject
Global
	GlobalSection(SolutionConfigurationPlatforms) = preSolution
		Debug|Any CPU = Debug|Any CPU
		Release|Any CPU = Release|Any CPU
	EndGlobalSection
	GlobalSection(ProjectConfigurationPlatforms) = postSolution
		{8F91901D-321E-4FB9-9F55-1D664F026CBF}.Debug|Any CPU.ActiveCfg = Debug|Any CPU
		{8F91901D-321E-4FB9-9F55-1D664F026CBF}.Debug|Any CPU.Build.0 = Debug|Any CPU
		{8F91901D-321E-4FB9-9F55-1D664F026CBF}.Release|Any CPU.ActiveCfg = Release|Any CPU
		{8F91901D-321E-4FB9-9F55-1D664F026CBF}.Release|Any CPU.Build.0 = Release|Any CPU
	EndGlobalSection
	GlobalSection(SolutionProperties) = preSolution
		HideSolutionNode = FALSE
	EndGlobalSection
	GlobalSection(ExtensibilityGlobals) = postSolution
		SolutionGuid = {F59A00D1-95DA-47B4-B158-090377902EA8}
	EndGlobalSection
EndGlobal
