
Microsoft Visual Studio Solution File, Format Version 12.00
# Visual Studio Version 16
VisualStudioVersion = 16.0.30523.141
MinimumVisualStudioVersion = 10.0.40219.1
Project("{FAE04EC0-301F-11D3-BF4B-00C04F79EFBC}") = "task29_InMemoryDatabase", "task29_InMemoryDatabase\task29_InMemoryDatabase.csproj", "{02A7F9B3-6AB9-4786-8C48-71EA703FAFE6}"
EndProject
Project("{FAE04EC0-301F-11D3-BF4B-00C04F79EFBC}") = "Dul.Data", "Dul.Data\Dul.Data.csproj", "{A7EC45BC-4D6A-4DE9-B760-D5A7F83F0603}"
EndProject
Global
	GlobalSection(SolutionConfigurationPlatforms) = preSolution
		Debug|Any CPU = Debug|Any CPU
		Release|Any CPU = Release|Any CPU
	EndGlobalSection
	GlobalSection(ProjectConfigurationPlatforms) = postSolution
		{02A7F9B3-6AB9-4786-8C48-71EA703FAFE6}.Debug|Any CPU.ActiveCfg = Debug|Any CPU
		{02A7F9B3-6AB9-4786-8C48-71EA703FAFE6}.Debug|Any CPU.Build.0 = Debug|Any CPU
		{02A7F9B3-6AB9-4786-8C48-71EA703FAFE6}.Release|Any CPU.ActiveCfg = Release|Any CPU
		{02A7F9B3-6AB9-4786-8C48-71EA703FAFE6}.Release|Any CPU.Build.0 = Release|Any CPU
		{A7EC45BC-4D6A-4DE9-B760-D5A7F83F0603}.Debug|Any CPU.ActiveCfg = Debug|Any CPU
		{A7EC45BC-4D6A-4DE9-B760-D5A7F83F0603}.Debug|Any CPU.Build.0 = Debug|Any CPU
		{A7EC45BC-4D6A-4DE9-B760-D5A7F83F0603}.Release|Any CPU.ActiveCfg = Release|Any CPU
		{A7EC45BC-4D6A-4DE9-B760-D5A7F83F0603}.Release|Any CPU.Build.0 = Release|Any CPU
	EndGlobalSection
	GlobalSection(SolutionProperties) = preSolution
		HideSolutionNode = FALSE
	EndGlobalSection
	GlobalSection(ExtensibilityGlobals) = postSolution
		SolutionGuid = {94BBFE70-1DA2-472A-BE44-A55AC4DEC687}
	EndGlobalSection
EndGlobal
