
Microsoft Visual Studio Solution File, Format Version 12.00
# Visual Studio Version 16
VisualStudioVersion = 16.0.30413.136
MinimumVisualStudioVersion = 10.0.40219.1
Project("{FAE04EC0-301F-11D3-BF4B-00C04F79EFBC}") = "task17. using Cs", "task17. using Cs\task17. using Cs.csproj", "{052E5888-5F6F-42B9-B649-C6C043DB678C}"
EndProject
Global
	GlobalSection(SolutionConfigurationPlatforms) = preSolution
		Debug|Any CPU = Debug|Any CPU
		Release|Any CPU = Release|Any CPU
	EndGlobalSection
	GlobalSection(ProjectConfigurationPlatforms) = postSolution
		{052E5888-5F6F-42B9-B649-C6C043DB678C}.Debug|Any CPU.ActiveCfg = Debug|Any CPU
		{052E5888-5F6F-42B9-B649-C6C043DB678C}.Debug|Any CPU.Build.0 = Debug|Any CPU
		{052E5888-5F6F-42B9-B649-C6C043DB678C}.Release|Any CPU.ActiveCfg = Release|Any CPU
		{052E5888-5F6F-42B9-B649-C6C043DB678C}.Release|Any CPU.Build.0 = Release|Any CPU
	EndGlobalSection
	GlobalSection(SolutionProperties) = preSolution
		HideSolutionNode = FALSE
	EndGlobalSection
	GlobalSection(ExtensibilityGlobals) = postSolution
		SolutionGuid = {F5919539-C4D4-44E3-9D81-12E8DA2AFD94}
	EndGlobalSection
EndGlobal
