
Microsoft Visual Studio Solution File, Format Version 12.00
# Visual Studio Version 16
VisualStudioVersion = 16.0.30413.136
MinimumVisualStudioVersion = 10.0.40219.1
Project("{FAE04EC0-301F-11D3-BF4B-00C04F79EFBC}") = "task22. Cs extensions", "task22. Cs extensions\task22. Cs extensions.csproj", "{C11A7940-95CE-44A6-B09C-E31D7A8A18E2}"
EndProject
Global
	GlobalSection(SolutionConfigurationPlatforms) = preSolution
		Debug|Any CPU = Debug|Any CPU
		Release|Any CPU = Release|Any CPU
	EndGlobalSection
	GlobalSection(ProjectConfigurationPlatforms) = postSolution
		{C11A7940-95CE-44A6-B09C-E31D7A8A18E2}.Debug|Any CPU.ActiveCfg = Debug|Any CPU
		{C11A7940-95CE-44A6-B09C-E31D7A8A18E2}.Debug|Any CPU.Build.0 = Debug|Any CPU
		{C11A7940-95CE-44A6-B09C-E31D7A8A18E2}.Release|Any CPU.ActiveCfg = Release|Any CPU
		{C11A7940-95CE-44A6-B09C-E31D7A8A18E2}.Release|Any CPU.Build.0 = Release|Any CPU
	EndGlobalSection
	GlobalSection(SolutionProperties) = preSolution
		HideSolutionNode = FALSE
	EndGlobalSection
	GlobalSection(ExtensibilityGlobals) = postSolution
		SolutionGuid = {2AF8BFB3-80E1-4F0A-A5D3-385DE3872CE6}
	EndGlobalSection
EndGlobal
