
Microsoft Visual Studio Solution File, Format Version 12.00
# Visual Studio Version 16
VisualStudioVersion = 16.0.30413.136
MinimumVisualStudioVersion = 10.0.40219.1
Project("{FAE04EC0-301F-11D3-BF4B-00C04F79EFBC}") = "task21. using Cs", "task21. using Cs\task21. using Cs.csproj", "{AFF383F7-71CB-47F4-83E1-33AD59D59463}"
EndProject
Global
	GlobalSection(SolutionConfigurationPlatforms) = preSolution
		Debug|Any CPU = Debug|Any CPU
		Release|Any CPU = Release|Any CPU
	EndGlobalSection
	GlobalSection(ProjectConfigurationPlatforms) = postSolution
		{AFF383F7-71CB-47F4-83E1-33AD59D59463}.Debug|Any CPU.ActiveCfg = Debug|Any CPU
		{AFF383F7-71CB-47F4-83E1-33AD59D59463}.Debug|Any CPU.Build.0 = Debug|Any CPU
		{AFF383F7-71CB-47F4-83E1-33AD59D59463}.Release|Any CPU.ActiveCfg = Release|Any CPU
		{AFF383F7-71CB-47F4-83E1-33AD59D59463}.Release|Any CPU.Build.0 = Release|Any CPU
	EndGlobalSection
	GlobalSection(SolutionProperties) = preSolution
		HideSolutionNode = FALSE
	EndGlobalSection
	GlobalSection(ExtensibilityGlobals) = postSolution
		SolutionGuid = {161D9E2C-5841-4537-9DDA-CB519F3A86A1}
	EndGlobalSection
EndGlobal
