
Microsoft Visual Studio Solution File, Format Version 12.00
# Visual Studio Version 16
VisualStudioVersion = 16.0.30523.141
MinimumVisualStudioVersion = 10.0.40219.1
Project("{FAE04EC0-301F-11D3-BF4B-00C04F79EFBC}") = "task30_Cs_extensions", "task30_Cs_extensions\task30_Cs_extensions.csproj", "{8522D821-848D-4BC8-AF0B-DB42DD254F3C}"
EndProject
Global
	GlobalSection(SolutionConfigurationPlatforms) = preSolution
		Debug|Any CPU = Debug|Any CPU
		Release|Any CPU = Release|Any CPU
	EndGlobalSection
	GlobalSection(ProjectConfigurationPlatforms) = postSolution
		{8522D821-848D-4BC8-AF0B-DB42DD254F3C}.Debug|Any CPU.ActiveCfg = Debug|Any CPU
		{8522D821-848D-4BC8-AF0B-DB42DD254F3C}.Debug|Any CPU.Build.0 = Debug|Any CPU
		{8522D821-848D-4BC8-AF0B-DB42DD254F3C}.Release|Any CPU.ActiveCfg = Release|Any CPU
		{8522D821-848D-4BC8-AF0B-DB42DD254F3C}.Release|Any CPU.Build.0 = Release|Any CPU
	EndGlobalSection
	GlobalSection(SolutionProperties) = preSolution
		HideSolutionNode = FALSE
	EndGlobalSection
	GlobalSection(ExtensibilityGlobals) = postSolution
		SolutionGuid = {14E9D0F5-A0CA-4D3E-8143-F9B6285B6548}
	EndGlobalSection
EndGlobal
