
Microsoft Visual Studio Solution File, Format Version 12.00
# Visual Studio Version 16
VisualStudioVersion = 16.0.30523.141
MinimumVisualStudioVersion = 10.0.40219.1
Project("{FAE04EC0-301F-11D3-BF4B-00C04F79EFBC}") = "Project3_SameSameGame", "Project3_SameSameGame\Project3_SameSameGame.csproj", "{6F433F5E-046B-43A6-9692-9CDC0B14C1D8}"
EndProject
Global
	GlobalSection(SolutionConfigurationPlatforms) = preSolution
		Debug|Any CPU = Debug|Any CPU
		Release|Any CPU = Release|Any CPU
	EndGlobalSection
	GlobalSection(ProjectConfigurationPlatforms) = postSolution
		{6F433F5E-046B-43A6-9692-9CDC0B14C1D8}.Debug|Any CPU.ActiveCfg = Debug|Any CPU
		{6F433F5E-046B-43A6-9692-9CDC0B14C1D8}.Debug|Any CPU.Build.0 = Debug|Any CPU
		{6F433F5E-046B-43A6-9692-9CDC0B14C1D8}.Release|Any CPU.ActiveCfg = Release|Any CPU
		{6F433F5E-046B-43A6-9692-9CDC0B14C1D8}.Release|Any CPU.Build.0 = Release|Any CPU
	EndGlobalSection
	GlobalSection(SolutionProperties) = preSolution
		HideSolutionNode = FALSE
	EndGlobalSection
	GlobalSection(ExtensibilityGlobals) = postSolution
		SolutionGuid = {BF2161B9-29F6-4BE2-83E3-E89472E5561F}
	EndGlobalSection
EndGlobal
