
Microsoft Visual Studio Solution File, Format Version 12.00
# Visual Studio Version 16
VisualStudioVersion = 16.0.30413.136
MinimumVisualStudioVersion = 10.0.40219.1
Project("{FAE04EC0-301F-11D3-BF4B-00C04F79EFBC}") = "task14. using Cs", "task14. using Cs\task14. using Cs.csproj", "{F595ADC1-373F-41AB-A710-E48E9F879621}"
EndProject
Global
	GlobalSection(SolutionConfigurationPlatforms) = preSolution
		Debug|Any CPU = Debug|Any CPU
		Release|Any CPU = Release|Any CPU
	EndGlobalSection
	GlobalSection(ProjectConfigurationPlatforms) = postSolution
		{F595ADC1-373F-41AB-A710-E48E9F879621}.Debug|Any CPU.ActiveCfg = Debug|Any CPU
		{F595ADC1-373F-41AB-A710-E48E9F879621}.Debug|Any CPU.Build.0 = Debug|Any CPU
		{F595ADC1-373F-41AB-A710-E48E9F879621}.Release|Any CPU.ActiveCfg = Release|Any CPU
		{F595ADC1-373F-41AB-A710-E48E9F879621}.Release|Any CPU.Build.0 = Release|Any CPU
	EndGlobalSection
	GlobalSection(SolutionProperties) = preSolution
		HideSolutionNode = FALSE
	EndGlobalSection
	GlobalSection(ExtensibilityGlobals) = postSolution
		SolutionGuid = {68E7C59A-4E76-4BA4-B083-8C0A70DA7F73}
	EndGlobalSection
EndGlobal
