
Microsoft Visual Studio Solution File, Format Version 12.00
# Visual Studio Version 16
VisualStudioVersion = 16.0.30523.141
MinimumVisualStudioVersion = 10.0.40219.1
Project("{FAE04EC0-301F-11D3-BF4B-00C04F79EFBC}") = "Task2_ImgViewer", "Task2_ImgViewer\Task2_ImgViewer.csproj", "{BB1EF20A-A011-4D5A-96B3-BA123F41935B}"
EndProject
Global
	GlobalSection(SolutionConfigurationPlatforms) = preSolution
		Debug|Any CPU = Debug|Any CPU
		Release|Any CPU = Release|Any CPU
	EndGlobalSection
	GlobalSection(ProjectConfigurationPlatforms) = postSolution
		{BB1EF20A-A011-4D5A-96B3-BA123F41935B}.Debug|Any CPU.ActiveCfg = Debug|Any CPU
		{BB1EF20A-A011-4D5A-96B3-BA123F41935B}.Debug|Any CPU.Build.0 = Debug|Any CPU
		{BB1EF20A-A011-4D5A-96B3-BA123F41935B}.Release|Any CPU.ActiveCfg = Release|Any CPU
		{BB1EF20A-A011-4D5A-96B3-BA123F41935B}.Release|Any CPU.Build.0 = Release|Any CPU
	EndGlobalSection
	GlobalSection(SolutionProperties) = preSolution
		HideSolutionNode = FALSE
	EndGlobalSection
	GlobalSection(ExtensibilityGlobals) = postSolution
		SolutionGuid = {83C6F20D-3B4D-47E1-89B0-0212EECF01A9}
	EndGlobalSection
EndGlobal
