
Microsoft Visual Studio Solution File, Format Version 12.00
# Visual Studio Version 16
VisualStudioVersion = 16.0.30413.136
MinimumVisualStudioVersion = 10.0.40219.1
Project("{FAE04EC0-301F-11D3-BF4B-00C04F79EFBC}") = "task8. using Cs", "task8. using Cs\task8. using Cs.csproj", "{F475358E-0E31-4A3E-A3D8-0934DD2E0AFF}"
EndProject
Global
	GlobalSection(SolutionConfigurationPlatforms) = preSolution
		Debug|Any CPU = Debug|Any CPU
		Release|Any CPU = Release|Any CPU
	EndGlobalSection
	GlobalSection(ProjectConfigurationPlatforms) = postSolution
		{F475358E-0E31-4A3E-A3D8-0934DD2E0AFF}.Debug|Any CPU.ActiveCfg = Debug|Any CPU
		{F475358E-0E31-4A3E-A3D8-0934DD2E0AFF}.Debug|Any CPU.Build.0 = Debug|Any CPU
		{F475358E-0E31-4A3E-A3D8-0934DD2E0AFF}.Release|Any CPU.ActiveCfg = Release|Any CPU
		{F475358E-0E31-4A3E-A3D8-0934DD2E0AFF}.Release|Any CPU.Build.0 = Release|Any CPU
	EndGlobalSection
	GlobalSection(SolutionProperties) = preSolution
		HideSolutionNode = FALSE
	EndGlobalSection
	GlobalSection(ExtensibilityGlobals) = postSolution
		SolutionGuid = {03CEA688-1FE8-4788-9805-B9E23C28F3D1}
	EndGlobalSection
EndGlobal
